
Microsoft Visual Studio Solution File, Format Version 12.00
# Visual Studio 2013
VisualStudioVersion = 12.0.21005.1
MinimumVisualStudioVersion = 10.0.40219.1
Project("{FAE04EC0-301F-11D3-BF4B-00C04F79EFBC}") = "WebForms HTML5 Pack", "WebForms HTML5 Pack\WebForms HTML5 Pack.csproj", "{2E7F8892-D57A-49AA-8C20-FADA6FE17506}"
EndProject
Project("{FAE04EC0-301F-11D3-BF4B-00C04F79EFBC}") = "Web Application HTML5", "Web Application HTML5\Web Application HTML5.csproj", "{012D239C-8096-43F8-BB2D-87C349D1D9F1}"
EndProject
Global
	GlobalSection(SolutionConfigurationPlatforms) = preSolution
		Debug|Any CPU = Debug|Any CPU
		Release|Any CPU = Release|Any CPU
	EndGlobalSection
	GlobalSection(ProjectConfigurationPlatforms) = postSolution
		{2E7F8892-D57A-49AA-8C20-FADA6FE17506}.Debug|Any CPU.ActiveCfg = Debug|Any CPU
		{2E7F8892-D57A-49AA-8C20-FADA6FE17506}.Debug|Any CPU.Build.0 = Debug|Any CPU
		{2E7F8892-D57A-49AA-8C20-FADA6FE17506}.Release|Any CPU.ActiveCfg = Release|Any CPU
		{2E7F8892-D57A-49AA-8C20-FADA6FE17506}.Release|Any CPU.Build.0 = Release|Any CPU
		{012D239C-8096-43F8-BB2D-87C349D1D9F1}.Debug|Any CPU.ActiveCfg = Debug|Any CPU
		{012D239C-8096-43F8-BB2D-87C349D1D9F1}.Release|Any CPU.ActiveCfg = Release|Any CPU
	EndGlobalSection
	GlobalSection(SolutionProperties) = preSolution
		HideSolutionNode = FALSE
	EndGlobalSection
EndGlobal
